
Microsoft Visual Studio Solution File, Format Version 12.00
# Visual Studio Version 16
VisualStudioVersion = 16.0.29709.97
MinimumVisualStudioVersion = 10.0.40219.1
Project("{9A19103F-16F7-4668-BE54-9A1E7A4F7556}") = "ShowRoomConsole", "ShowRoomConsole\ShowRoomConsole.csproj", "{375E80D3-0D7A-4F97-BDC5-08BF88047FE5}"
EndProject
Project("{9A19103F-16F7-4668-BE54-9A1E7A4F7556}") = "ShowRoomConsoleTests", "ShowRoomConsoleTests\ShowRoomConsoleTests.csproj", "{11FE3509-C63D-40E7-9C64-F0B8A6510BD4}"
EndProject
Project("{9A19103F-16F7-4668-BE54-9A1E7A4F7556}") = "ShowRoomTweet", "ShowRoomTweet\ShowRoomTweet.csproj", "{30F1923A-EE37-402A-9231-C8EDEDEA1118}"
EndProject
Project("{9A19103F-16F7-4668-BE54-9A1E7A4F7556}") = "ShowRoomTweetTests", "ShowRoomTweetTests\ShowRoomTweetTests.csproj", "{AA9B6F35-5B17-42F3-AA6D-0EBBDE0C05CA}"
EndProject
Project("{FAE04EC0-301F-11D3-BF4B-00C04F79EFBC}") = "ShowRoomForm", "ShowRoomForm\ShowRoomForm.csproj", "{84047595-566C-480D-B9D2-9D25540778F0}"
EndProject
Project("{FAE04EC0-301F-11D3-BF4B-00C04F79EFBC}") = "ShowRoomFormTests", "ShowRoomFormTests\ShowRoomFormTests.csproj", "{9A2E15CF-FEDB-473B-83B3-5DF262ABDA49}"
EndProject
Global
	GlobalSection(SolutionConfigurationPlatforms) = preSolution
		Debug|Any CPU = Debug|Any CPU
		Release|Any CPU = Release|Any CPU
	EndGlobalSection
	GlobalSection(ProjectConfigurationPlatforms) = postSolution
		{375E80D3-0D7A-4F97-BDC5-08BF88047FE5}.Debug|Any CPU.ActiveCfg = Debug|Any CPU
		{375E80D3-0D7A-4F97-BDC5-08BF88047FE5}.Debug|Any CPU.Build.0 = Debug|Any CPU
		{375E80D3-0D7A-4F97-BDC5-08BF88047FE5}.Release|Any CPU.ActiveCfg = Release|Any CPU
		{375E80D3-0D7A-4F97-BDC5-08BF88047FE5}.Release|Any CPU.Build.0 = Release|Any CPU
		{11FE3509-C63D-40E7-9C64-F0B8A6510BD4}.Debug|Any CPU.ActiveCfg = Debug|Any CPU
		{11FE3509-C63D-40E7-9C64-F0B8A6510BD4}.Debug|Any CPU.Build.0 = Debug|Any CPU
		{11FE3509-C63D-40E7-9C64-F0B8A6510BD4}.Release|Any CPU.ActiveCfg = Release|Any CPU
		{11FE3509-C63D-40E7-9C64-F0B8A6510BD4}.Release|Any CPU.Build.0 = Release|Any CPU
		{30F1923A-EE37-402A-9231-C8EDEDEA1118}.Debug|Any CPU.ActiveCfg = Debug|Any CPU
		{30F1923A-EE37-402A-9231-C8EDEDEA1118}.Debug|Any CPU.Build.0 = Debug|Any CPU
		{30F1923A-EE37-402A-9231-C8EDEDEA1118}.Release|Any CPU.ActiveCfg = Release|Any CPU
		{30F1923A-EE37-402A-9231-C8EDEDEA1118}.Release|Any CPU.Build.0 = Release|Any CPU
		{AA9B6F35-5B17-42F3-AA6D-0EBBDE0C05CA}.Debug|Any CPU.ActiveCfg = Debug|Any CPU
		{AA9B6F35-5B17-42F3-AA6D-0EBBDE0C05CA}.Debug|Any CPU.Build.0 = Debug|Any CPU
		{AA9B6F35-5B17-42F3-AA6D-0EBBDE0C05CA}.Release|Any CPU.ActiveCfg = Release|Any CPU
		{AA9B6F35-5B17-42F3-AA6D-0EBBDE0C05CA}.Release|Any CPU.Build.0 = Release|Any CPU
		{84047595-566C-480D-B9D2-9D25540778F0}.Debug|Any CPU.ActiveCfg = Debug|Any CPU
		{84047595-566C-480D-B9D2-9D25540778F0}.Debug|Any CPU.Build.0 = Debug|Any CPU
		{84047595-566C-480D-B9D2-9D25540778F0}.Release|Any CPU.ActiveCfg = Release|Any CPU
		{84047595-566C-480D-B9D2-9D25540778F0}.Release|Any CPU.Build.0 = Release|Any CPU
		{9A2E15CF-FEDB-473B-83B3-5DF262ABDA49}.Debug|Any CPU.ActiveCfg = Debug|Any CPU
		{9A2E15CF-FEDB-473B-83B3-5DF262ABDA49}.Debug|Any CPU.Build.0 = Debug|Any CPU
		{9A2E15CF-FEDB-473B-83B3-5DF262ABDA49}.Release|Any CPU.ActiveCfg = Release|Any CPU
		{9A2E15CF-FEDB-473B-83B3-5DF262ABDA49}.Release|Any CPU.Build.0 = Release|Any CPU
	EndGlobalSection
	GlobalSection(SolutionProperties) = preSolution
		HideSolutionNode = FALSE
	EndGlobalSection
	GlobalSection(ExtensibilityGlobals) = postSolution
		SolutionGuid = {684D0D6D-CD46-43AD-987B-687C7AF4BB31}
	EndGlobalSection
EndGlobal
